{
  "name": "stoic-daily",
  "version": "1.0.0",
  "lockfileVersion": 3,
  "requires": true,
  "packages": {
    "": {
      "name": "stoic-daily",
      "version": "1.0.0",
      "license": "MIT",
      "dependencies": {
        "stoic-daily": "^1.0.0"
      },
      "bin": {
        "stoic-daily": "bin/global.js"
      }
    },
    "node_modules/stoic-daily": {
      "version": "1.0.0",
      "resolved": "https://registry.npmjs.org/stoic-daily/-/stoic-daily-1.0.0.tgz",
      "integrity": "sha512-fLdQPiRcS8zaNtTDpJF61a4xbZJD1JN/JJv388RO+GsqOh20AP5rp9gGVZnQpbDDTgqH5DDTC8xucFHEXh+UrA==",
      "bin": {
        "stoic-daily": "bin/global.js"
      }
    }
  }
}
